
Microsoft Visual Studio Solution File, Format Version 12.00
# Visual Studio Version 17
VisualStudioVersion = 17.5.002.0
MinimumVisualStudioVersion = 10.0.40219.1
Project("{9A19103F-16F7-4668-BE54-9A1E7A4F7556}") = "MacAPI", "MacAPI\MacAPI.csproj", "{C763B7EE-5DA5-48A2-82AC-30B9974F310D}"
EndProject
Global
	GlobalSection(SolutionConfigurationPlatforms) = preSolution
		Debug|Any CPU = Debug|Any CPU
		Release|Any CPU = Release|Any CPU
	EndGlobalSection
	GlobalSection(ProjectConfigurationPlatforms) = postSolution
		{C763B7EE-5DA5-48A2-82AC-30B9974F310D}.Debug|Any CPU.ActiveCfg = Debug|Any CPU
		{C763B7EE-5DA5-48A2-82AC-30B9974F310D}.Debug|Any CPU.Build.0 = Debug|Any CPU
		{C763B7EE-5DA5-48A2-82AC-30B9974F310D}.Release|Any CPU.ActiveCfg = Release|Any CPU
		{C763B7EE-5DA5-48A2-82AC-30B9974F310D}.Release|Any CPU.Build.0 = Release|Any CPU
	EndGlobalSection
	GlobalSection(SolutionProperties) = preSolution
		HideSolutionNode = FALSE
	EndGlobalSection
	GlobalSection(ExtensibilityGlobals) = postSolution
		SolutionGuid = {237A9623-5E54-4E58-9223-2CB326C7294D}
	EndGlobalSection
EndGlobal
